{
  "name": "react-19-sandbox",
  "version": "1.0.0",
  "lockfileVersion": 3,
  "requires": true,
  "packages": {
    "": {
      "name": "react-19-sandbox",
      "version": "1.0.0",
      "license": "ISC",
      "dependencies": {
        "react": "^19.0.0-rc-6cf85185-20241014",
        "react-dom": "^19.0.0-rc-6cf85185-20241014"
      }
    },
    "node_modules/react": {
      "version": "19.0.0-rc-6cf85185-20241014",
      "resolved": "https://registry.npmjs.org/react/-/react-19.0.0-rc-6cf85185-20241014.tgz",
      "integrity": "sha512-dj/vHI5yNC9PSk1z+K97NOMZ67aBcwMC7rw9jehI2BMKkDHGWdnWnq7/z3dILXOZ8Q13CSYDYaPlMq33FRYcGQ==",
      "license": "MIT",
      "engines": {
        "node": ">=0.10.0"
      }
    },
    "node_modules/react-dom": {
      "version": "19.0.0-rc-6cf85185-20241014",
      "resolved": "https://registry.npmjs.org/react-dom/-/react-dom-19.0.0-rc-6cf85185-20241014.tgz",
      "integrity": "sha512-n+pmxQKKXwj19wlQN73JFs6VZnCi3spj5Id0iCAj5jCtu5geuw+7zLlJsNjt71SqQcTTrVTdXbmOy/91pJRI9w==",
      "license": "MIT",
      "dependencies": {
        "scheduler": "0.25.0-rc-6cf85185-20241014"
      },
      "peerDependencies": {
        "react": "19.0.0-rc-6cf85185-20241014"
      }
    },
    "node_modules/scheduler": {
      "version": "0.25.0-rc-6cf85185-20241014",
      "resolved": "https://registry.npmjs.org/scheduler/-/scheduler-0.25.0-rc-6cf85185-20241014.tgz",
      "integrity": "sha512-EABlmnb4IURV4rYEdTI6z17PWXCwZduJrGP3tVAZTeHBXuuS59LEaJIeOFfSASCu9kf1Ji9QnPcTKzx/Icz/AQ==",
      "license": "MIT"
    }
  }
}
